
Microsoft Visual Studio Solution File, Format Version 10.00
# Visual Studio 2008
Project("{FAE04EC0-301F-11D3-BF4B-00C04F79EFBC}") = "DarkConfigUnityDLL", "DarkConfigUnityDLL.csproj", "{864370CB-EECB-4CE1-BEF9-855255911CD0}"
EndProject
Project("{FAE04EC0-301F-11D3-BF4B-00C04F79EFBC}") = "DarkConfigUnityEditorDLL", "DarkConfigUnityEditorDLL.csproj", "{D73EDE42-6E0F-4B29-8E71-522D7F88257E}"
EndProject
Global
	GlobalSection(SolutionConfigurationPlatforms) = preSolution
		Debug|Any CPU = Debug|Any CPU
		Release|Any CPU = Release|Any CPU
	EndGlobalSection
	GlobalSection(ProjectConfigurationPlatforms) = postSolution
		{864370CB-EECB-4CE1-BEF9-855255911CD0}.Debug|Any CPU.ActiveCfg = Debug|Any CPU
		{864370CB-EECB-4CE1-BEF9-855255911CD0}.Debug|Any CPU.Build.0 = Debug|Any CPU
		{864370CB-EECB-4CE1-BEF9-855255911CD0}.Release|Any CPU.ActiveCfg = Release|Any CPU
		{864370CB-EECB-4CE1-BEF9-855255911CD0}.Release|Any CPU.Build.0 = Release|Any CPU
		{D73EDE42-6E0F-4B29-8E71-522D7F88257E}.Debug|Any CPU.ActiveCfg = Debug|Any CPU
		{D73EDE42-6E0F-4B29-8E71-522D7F88257E}.Debug|Any CPU.Build.0 = Debug|Any CPU
		{D73EDE42-6E0F-4B29-8E71-522D7F88257E}.Release|Any CPU.ActiveCfg = Release|Any CPU
		{D73EDE42-6E0F-4B29-8E71-522D7F88257E}.Release|Any CPU.Build.0 = Release|Any CPU
	EndGlobalSection
	GlobalSection(MonoDevelopProperties) = preSolution
		StartupItem = DarkConfigUnityDLL.csproj
	EndGlobalSection
EndGlobal
